<Solution>
  <Folder Name="/src/">
    <Project Path="src/PictureSorter.App/PictureSorter.App.csproj">
      <Platform Project="x64" />
    </Project>
    <Project Path="src/PictureSorter.Application/PictureSorter.Application.csproj" />
    <Project Path="src/PictureSorter.Core/PictureSorter.Core.csproj" />
    <Project Path="src/PictureSorter.Data/PictureSorter.Data.csproj" />
    <Project Path="src/PictureSorter.Imaging/PictureSorter.Imaging.csproj" />
    <Project Path="src/PictureSorter.Infrastructure/PictureSorter.Infrastructure.csproj" />
    <Project Path="src/PictureSorter.Ollama/PictureSorter.Ollama.csproj" />
  </Folder>
  <Folder Name="/tests/">
    <Project Path="tests/PictureSorter.App.Tests/PictureSorter.App.Tests.csproj">
      <Platform Project="x64" />
    </Project>
    <Project Path="tests/PictureSorter.Application.Tests/PictureSorter.Application.Tests.csproj" />
    <Project Path="tests/PictureSorter.Core.Tests/PictureSorter.Core.Tests.csproj" />
    <Project Path="tests/PictureSorter.Data.Tests/PictureSorter.Data.Tests.csproj" />
    <Project Path="tests/PictureSorter.Infrastructure.Tests/PictureSorter.Infrastructure.Tests.csproj" />
    <Project Path="tests/PictureSorter.Ollama.Tests/PictureSorter.Ollama.Tests.csproj" />
  </Folder>
</Solution>
